# This file was autogenerated by uv via the following command:
#    uv pip compile requirements-dev.txt --output-file requirements-dev.lock
annotated-types==0.7.0
    # via pydantic
anyio==4.8.0
    # via httpx
blinker==1.9.0
    # via flask
certifi==2025.1.31
    # via
    #   httpcore
    #   httpx
    #   requests
cfgv==3.4.0
    # via pre-commit
charset-normalizer==3.4.1
    # via requests
click==8.1.8
    # via flask
colorama==0.4.6
    # via
    #   click
    #   pytest
    #   tqdm
compel==2.0.3
    # via -r requirements.txt
diffusers==0.32.2
    # via compel
distlib==0.3.9
    # via virtualenv
filelock==3.17.0
    # via
    #   diffusers
    #   huggingface-hub
    #   torch
    #   transformers
    #   virtualenv
flask==3.1.0
    # via -r requirements.txt
fsspec==2025.3.0
    # via
    #   huggingface-hub
    #   torch
greenlet==3.1.1
    # via sqlalchemy
h11==0.14.0
    # via httpcore
httpcore==1.0.7
    # via httpx
httpx==0.28.1
    # via langsmith
huggingface-hub==0.29.2
    # via
    #   diffusers
    #   tokenizers
    #   transformers
identify==2.6.9
    # via pre-commit
idna==3.10
    # via
    #   anyio
    #   httpx
    #   requests
importlib-metadata==8.6.1
    # via diffusers
iniconfig==2.0.0
    # via pytest
itsdangerous==2.2.0
    # via flask
jinja2==3.1.6
    # via
    #   flask
    #   torch
jsonpatch==1.33
    # via langchain-core
jsonpointer==3.0.0
    # via jsonpatch
langchain==0.3.20
    # via -r requirements.txt
langchain-core==0.3.43
    # via
    #   langchain
    #   langchain-text-splitters
langchain-text-splitters==0.3.6
    # via langchain
langsmith==0.3.13
    # via
    #   langchain
    #   langchain-core
markupsafe==3.0.2
    # via
    #   jinja2
    #   werkzeug
marshmallow==3.26.1
    # via marshmallow-dataclass
marshmallow-dataclass==8.7.1
    # via -r requirements.txt
mpmath==1.3.0
    # via sympy
mypy==1.15.0
    # via -r requirements-dev.txt
mypy-extensions==1.0.0
    # via
    #   mypy
    #   typing-inspect
networkx==3.4.2
    # via torch
nodeenv==1.9.1
    # via pre-commit
numpy==2.2.3
    # via
    #   -r requirements.txt
    #   diffusers
    #   transformers
orjson==3.10.15
    # via langsmith
packaging==24.2
    # via
    #   huggingface-hub
    #   langchain-core
    #   langsmith
    #   marshmallow
    #   pytest
    #   transformers
pillow==11.1.0
    # via
    #   -r requirements.txt
    #   diffusers
platformdirs==4.3.6
    # via virtualenv
pluggy==1.5.0
    # via pytest
pre-commit==4.1.0
    # via -r requirements-dev.txt
pydantic==2.10.6
    # via
    #   langchain
    #   langchain-core
    #   langsmith
pydantic-core==2.27.2
    # via pydantic
pyparsing==3.2.1
    # via compel
pytest==8.3.5
    # via -r requirements-dev.txt
pyyaml==6.0.2
    # via
    #   huggingface-hub
    #   langchain
    #   langchain-core
    #   pre-commit
    #   transformers
regex==2024.11.6
    # via
    #   diffusers
    #   transformers
requests==2.32.3
    # via
    #   -r requirements.txt
    #   diffusers
    #   huggingface-hub
    #   langchain
    #   langsmith
    #   requests-toolbelt
    #   transformers
requests-toolbelt==1.0.0
    # via langsmith
ruff==0.9.10
    # via -r requirements-dev.txt
safetensors==0.5.3
    # via
    #   diffusers
    #   transformers
setuptools==76.0.0
    # via torch
sniffio==1.3.1
    # via anyio
sqlalchemy==2.0.38
    # via langchain
sympy==1.13.1
    # via torch
tenacity==9.0.0
    # via langchain-core
tokenizers==0.21.0
    # via transformers
tomli==2.2.1
    # via -r requirements-dev.txt
tomli-w==1.2.0
    # via -r requirements-dev.txt
torch==2.6.0
    # via
    #   -r requirements.txt
    #   compel
tqdm==4.67.1
    # via
    #   huggingface-hub
    #   transformers
transformers==4.49.0
    # via compel
typeguard==4.4.2
    # via marshmallow-dataclass
types-requests==2.32.0.20250306
    # via -r requirements-dev.txt
typing-extensions==4.12.2
    # via
    #   huggingface-hub
    #   langchain-core
    #   mypy
    #   pydantic
    #   pydantic-core
    #   sqlalchemy
    #   torch
    #   typeguard
    #   typing-inspect
typing-inspect==0.9.0
    # via marshmallow-dataclass
urllib3==2.3.0
    # via
    #   requests
    #   types-requests
virtualenv==20.29.3
    # via pre-commit
werkzeug==3.1.3
    # via flask
zipp==3.21.0
    # via importlib-metadata
zstandard==0.23.0
    # via langsmith
